{
  "name": "webrtc-codelab",
  "version": "0.0.1",
  "lockfileVersion": 1,
  "requires": true,
  "dependencies": {
    "accepts": {
      "version": "1.3.7",
      "resolved": "https://artifacthub-tip.oraclecorp.com/api/npm/npmjs-remote/accepts/-/accepts-1.3.7.tgz",
      "integrity": "sha1-UxvHJlF6OytB+FACHGzBXqq1B80=",
      "requires": {
        "mime-types": "~2.1.24",
        "negotiator": "0.6.2"
      }
    },
    "after": {
      "version": "0.8.2",
      "resolved": "https://artifacthub-tip.oraclecorp.com/api/npm/npmjs-remote/after/-/after-0.8.2.tgz",
      "integrity": "sha1-/ts5T58OAqqXaOcCvaI7UF+ufh8="
    },
    "arraybuffer.slice": {
      "version": "0.0.7",
      "resolved": "https://artifacthub-tip.oraclecorp.com/api/npm/npmjs-remote/arraybuffer.slice/-/arraybuffer.slice-0.0.7.tgz",
      "integrity": "sha1-O7xCdd1YTMGxCAm4nU6LY6aednU="
    },
    "backo2": {
      "version": "1.0.2",
      "resolved": "https://artifacthub-tip.oraclecorp.com/api/npm/npmjs-remote/backo2/-/backo2-1.0.2.tgz",
      "integrity": "sha1-MasayLEpNjRj41s+u2n038+6eUc="
    },
    "base64-arraybuffer": {
      "version": "0.1.4",
      "resolved": "https://artifacthub-tip.oraclecorp.com/api/npm/npmjs-remote/base64-arraybuffer/-/base64-arraybuffer-0.1.4.tgz",
      "integrity": "sha1-mBjHngWbE1X5fgQooBfIOOkLqBI="
    },
    "base64id": {
      "version": "2.0.0",
      "resolved": "https://artifacthub-tip.oraclecorp.com/api/npm/npmjs-remote/base64id/-/base64id-2.0.0.tgz",
      "integrity": "sha1-J3Csa8R9MSr5eov5pjQ0LgzSXLY="
    },
    "colors": {
      "version": "1.4.0",
      "resolved": "https://artifacthub-tip.oraclecorp.com/api/npm/npmjs-remote/colors/-/colors-1.4.0.tgz",
      "integrity": "sha1-xQSRR51MG9rtLJztMs98fcI2D3g="
    },
    "component-bind": {
      "version": "1.0.0",
      "resolved": "https://artifacthub-tip.oraclecorp.com/api/npm/npmjs-remote/component-bind/-/component-bind-1.0.0.tgz",
      "integrity": "sha1-AMYIq33Nk4l8AAllGx06jh5zu9E="
    },
    "component-emitter": {
      "version": "1.3.0",
      "resolved": "https://artifacthub-tip.oraclecorp.com/api/npm/npmjs-remote/component-emitter/-/component-emitter-1.3.0.tgz",
      "integrity": "sha1-FuQHD7qK4ptnnyIVhT7hgasuq8A="
    },
    "component-inherit": {
      "version": "0.0.3",
      "resolved": "https://artifacthub-tip.oraclecorp.com/api/npm/npmjs-remote/component-inherit/-/component-inherit-0.0.3.tgz",
      "integrity": "sha1-ZF/ErfWLcrZJ1crmUTVhnbJv8UM="
    },
    "cookie": {
      "version": "0.4.1",
      "resolved": "https://artifacthub-tip.oraclecorp.com/api/npm/npmjs-remote/cookie/-/cookie-0.4.1.tgz",
      "integrity": "sha1-r9cT/ibr0hupXOth+agRblClN9E="
    },
    "debug": {
      "version": "4.1.1",
      "resolved": "https://artifacthub-tip.oraclecorp.com/api/npm/npmjs-remote/debug/-/debug-4.1.1.tgz",
      "integrity": "sha1-O3ImAlUQnGtYnO4FDx1RYTlmR5E=",
      "requires": {
        "ms": "^2.1.1"
      }
    },
    "engine.io": {
      "version": "3.5.0",
      "resolved": "https://artifacthub-tip.oraclecorp.com/api/npm/npmjs-remote/engine.io/-/engine.io-3.5.0.tgz",
      "integrity": "sha1-nWuYXIo5sf6HzZHrAU3gVSJZghs=",
      "requires": {
        "accepts": "~1.3.4",
        "base64id": "2.0.0",
        "cookie": "~0.4.1",
        "debug": "~4.1.0",
        "engine.io-parser": "~2.2.0",
        "ws": "~7.4.2"
      }
    },
    "engine.io-client": {
      "version": "3.5.2",
      "resolved": "https://artifacthub-tip.oraclecorp.com/api/npm/npmjs-remote/engine.io-client/-/engine.io-client-3.5.2.tgz",
      "integrity": "sha1-DvRzYhKUAE6c7r5zzvCvnjby9fo=",
      "requires": {
        "component-emitter": "~1.3.0",
        "component-inherit": "0.0.3",
        "debug": "~3.1.0",
        "engine.io-parser": "~2.2.0",
        "has-cors": "1.1.0",
        "indexof": "0.0.1",
        "parseqs": "0.0.6",
        "parseuri": "0.0.6",
        "ws": "~7.4.2",
        "xmlhttprequest-ssl": "~1.6.2",
        "yeast": "0.1.2"
      },
      "dependencies": {
        "debug": {
          "version": "3.1.0",
          "resolved": "https://artifacthub-tip.oraclecorp.com/api/npm/npmjs-remote/debug/-/debug-3.1.0.tgz",
          "integrity": "sha1-W7WgZyYotkFJVmuhaBnmFRjGcmE=",
          "requires": {
            "ms": "2.0.0"
          }
        },
        "ms": {
          "version": "2.0.0",
          "resolved": "https://artifacthub-tip.oraclecorp.com/api/npm/npmjs-remote/ms/-/ms-2.0.0.tgz",
          "integrity": "sha1-VgiurfwAvmwpAd9fmGF4jeDVl8g="
        }
      }
    },
    "engine.io-parser": {
      "version": "2.2.1",
      "resolved": "https://artifacthub-tip.oraclecorp.com/api/npm/npmjs-remote/engine.io-parser/-/engine.io-parser-2.2.1.tgz",
      "integrity": "sha1-V85WEdk3DulPmWQbWJ+UyX5PXac=",
      "requires": {
        "after": "0.8.2",
        "arraybuffer.slice": "~0.0.7",
        "base64-arraybuffer": "0.1.4",
        "blob": "0.0.5",
        "has-binary2": "~1.0.2"
      },
      "dependencies": {
        "blob": {
          "version": "0.0.5",
          "resolved": "https://artifacthub-tip.oraclecorp.com/api/npm/npmjs-remote/blob/-/blob-0.0.5.tgz",
          "integrity": "sha1-1oDu7yX4zZGtUz9bAe7UjmTK9oM="
        }
      }
    },
    "has-binary2": {
      "version": "1.0.3",
      "resolved": "https://artifacthub-tip.oraclecorp.com/api/npm/npmjs-remote/has-binary2/-/has-binary2-1.0.3.tgz",
      "integrity": "sha1-d3asYn8+p3JQz8My2rfd9eT10R0=",
      "requires": {
        "isarray": "2.0.1"
      }
    },
    "has-cors": {
      "version": "1.1.0",
      "resolved": "https://artifacthub-tip.oraclecorp.com/api/npm/npmjs-remote/has-cors/-/has-cors-1.1.0.tgz",
      "integrity": "sha1-XkdHk/fqmEPRu5nCPu9J/xJv/zk="
    },
    "indexof": {
      "version": "0.0.1",
      "resolved": "https://artifacthub-tip.oraclecorp.com/api/npm/npmjs-remote/indexof/-/indexof-0.0.1.tgz",
      "integrity": "sha1-gtwzbSMrkGIXnQWrMpOmYFn9Q10="
    },
    "isarray": {
      "version": "2.0.1",
      "resolved": "https://artifacthub-tip.oraclecorp.com/api/npm/npmjs-remote/isarray/-/isarray-2.0.1.tgz",
      "integrity": "sha1-o32U7ZzaLVmGXJ92/llu4fM4dB4="
    },
    "mime": {
      "version": "1.6.0",
      "resolved": "https://artifacthub-tip.oraclecorp.com/api/npm/npmjs-remote/mime/-/mime-1.6.0.tgz",
      "integrity": "sha1-Ms2eXGRVO9WNGaVor0Uqz/BJgbE="
    },
    "mime-db": {
      "version": "1.51.0",
      "resolved": "https://artifacthub-tip.oraclecorp.com/api/npm/npmjs-remote/mime-db/-/mime-db-1.51.0.tgz",
      "integrity": "sha1-2f9iRRhZsYNC2WCFDcPPt35j+ww="
    },
    "mime-types": {
      "version": "2.1.34",
      "resolved": "https://artifacthub-tip.oraclecorp.com/api/npm/npmjs-remote/mime-types/-/mime-types-2.1.34.tgz",
      "integrity": "sha1-WnEvnsFQNRGpRYA2QPr+CdN5PCQ=",
      "requires": {
        "mime-db": "1.51.0"
      }
    },
    "minimist": {
      "version": "0.0.10",
      "resolved": "https://artifacthub-tip.oraclecorp.com/api/npm/npmjs-remote/minimist/-/minimist-0.0.10.tgz",
      "integrity": "sha1-3j+YVD2/lggr5IrRoMfNqDYwHc8="
    },
    "ms": {
      "version": "2.1.3",
      "resolved": "https://artifacthub-tip.oraclecorp.com/api/npm/npmjs-remote/ms/-/ms-2.1.3.tgz",
      "integrity": "sha1-V0yBOM4dK1hh8LRFedut1gxmFbI="
    },
    "negotiator": {
      "version": "0.6.2",
      "resolved": "https://artifacthub-tip.oraclecorp.com/api/npm/npmjs-remote/negotiator/-/negotiator-0.6.2.tgz",
      "integrity": "sha1-/qz3zPUlp3rpY0Q2pkiD/+yjRvs="
    },
    "node-static": {
      "version": "0.7.11",
      "resolved": "https://artifacthub-tip.oraclecorp.com/api/npm/npmjs-remote/node-static/-/node-static-0.7.11.tgz",
      "integrity": "sha1-YBINNJ8871M+ToIGcAV+tjGILn8=",
      "requires": {
        "colors": ">=0.6.0",
        "mime": "^1.2.9",
        "optimist": ">=0.3.4"
      }
    },
    "optimist": {
      "version": "0.6.1",
      "resolved": "https://artifacthub-tip.oraclecorp.com/api/npm/npmjs-remote/optimist/-/optimist-0.6.1.tgz",
      "integrity": "sha1-2j6nRob6IaGaERwybpDrFaAZZoY=",
      "requires": {
        "minimist": "~0.0.1",
        "wordwrap": "~0.0.2"
      }
    },
    "parseqs": {
      "version": "0.0.6",
      "resolved": "https://artifacthub-tip.oraclecorp.com/api/npm/npmjs-remote/parseqs/-/parseqs-0.0.6.tgz",
      "integrity": "sha1-jku1oZ0c3IRKCKyXTTTic6+mcNU="
    },
    "parseuri": {
      "version": "0.0.6",
      "resolved": "https://artifacthub-tip.oraclecorp.com/api/npm/npmjs-remote/parseuri/-/parseuri-0.0.6.tgz",
      "integrity": "sha1-4Ulugp46wv9H85pN0ESzKCPEolo="
    },
    "socket.io": {
      "version": "2.4.1",
      "resolved": "https://artifacthub-tip.oraclecorp.com/api/npm/npmjs-remote/socket.io/-/socket.io-2.4.1.tgz",
      "integrity": "sha1-la2GHJpSNp1/Gmis8NShsW2kUdI=",
      "requires": {
        "debug": "~4.1.0",
        "engine.io": "~3.5.0",
        "has-binary2": "~1.0.2",
        "socket.io-adapter": "~1.1.0",
        "socket.io-client": "2.4.0",
        "socket.io-parser": "~3.4.0"
      },
      "dependencies": {
        "socket.io-adapter": {
          "version": "1.1.2",
          "resolved": "https://artifacthub-tip.oraclecorp.com/api/npm/npmjs-remote/socket.io-adapter/-/socket.io-adapter-1.1.2.tgz",
          "integrity": "sha1-qz8Nb2a4/H/KOVmrWZH4IiF4m+k="
        }
      }
    },
    "socket.io-client": {
      "version": "2.4.0",
      "resolved": "https://artifacthub-tip.oraclecorp.com/api/npm/npmjs-remote/socket.io-client/-/socket.io-client-2.4.0.tgz",
      "integrity": "sha1-qvtdWUo8VaNDVVYvyK6iLtkRmjU=",
      "requires": {
        "backo2": "1.0.2",
        "component-bind": "1.0.0",
        "component-emitter": "~1.3.0",
        "debug": "~3.1.0",
        "engine.io-client": "~3.5.0",
        "has-binary2": "~1.0.2",
        "indexof": "0.0.1",
        "parseqs": "0.0.6",
        "parseuri": "0.0.6",
        "socket.io-parser": "~3.3.0",
        "to-array": "0.1.4"
      },
      "dependencies": {
        "debug": {
          "version": "3.1.0",
          "resolved": "https://artifacthub-tip.oraclecorp.com/api/npm/npmjs-remote/debug/-/debug-3.1.0.tgz",
          "integrity": "sha1-W7WgZyYotkFJVmuhaBnmFRjGcmE=",
          "requires": {
            "ms": "2.0.0"
          }
        },
        "ms": {
          "version": "2.0.0",
          "resolved": "https://artifacthub-tip.oraclecorp.com/api/npm/npmjs-remote/ms/-/ms-2.0.0.tgz",
          "integrity": "sha1-VgiurfwAvmwpAd9fmGF4jeDVl8g="
        },
        "socket.io-parser": {
          "version": "3.3.2",
          "resolved": "https://artifacthub-tip.oraclecorp.com/api/npm/npmjs-remote/socket.io-parser/-/socket.io-parser-3.3.2.tgz",
          "integrity": "sha1-74cgCdCtz3BPL76DAZGhR1KtULY=",
          "requires": {
            "component-emitter": "~1.3.0",
            "debug": "~3.1.0",
            "isarray": "2.0.1"
          }
        }
      }
    },
    "socket.io-parser": {
      "version": "3.4.1",
      "resolved": "https://artifacthub-tip.oraclecorp.com/api/npm/npmjs-remote/socket.io-parser/-/socket.io-parser-3.4.1.tgz",
      "integrity": "sha1-sGr4ODApdYN+qy3JgAN9okBU1ko=",
      "requires": {
        "component-emitter": "1.2.1",
        "debug": "~4.1.0",
        "isarray": "2.0.1"
      },
      "dependencies": {
        "component-emitter": {
          "version": "1.2.1",
          "resolved": "https://artifacthub-tip.oraclecorp.com/api/npm/npmjs-remote/component-emitter/-/component-emitter-1.2.1.tgz",
          "integrity": "sha1-E3kY1teCg/ffemt8WmPhQOaUJeY="
        }
      }
    },
    "to-array": {
      "version": "0.1.4",
      "resolved": "https://artifacthub-tip.oraclecorp.com/api/npm/npmjs-remote/to-array/-/to-array-0.1.4.tgz",
      "integrity": "sha1-F+bBH3PdTz10zaek/zI46a2b+JA="
    },
    "wordwrap": {
      "version": "0.0.3",
      "resolved": "https://artifacthub-tip.oraclecorp.com/api/npm/npmjs-remote/wordwrap/-/wordwrap-0.0.3.tgz",
      "integrity": "sha1-o9XabNXAvAAI03I0u68b7WMFkQc="
    },
    "ws": {
      "version": "7.4.6",
      "resolved": "https://artifacthub-tip.oraclecorp.com/api/npm/npmjs-remote/ws/-/ws-7.4.6.tgz",
      "integrity": "sha1-VlTKjs3u5HwzqaS/bSjivimAN3w="
    },
    "xmlhttprequest-ssl": {
      "version": "1.6.3",
      "resolved": "https://artifacthub-tip.oraclecorp.com/api/npm/npmjs-remote/xmlhttprequest-ssl/-/xmlhttprequest-ssl-1.6.3.tgz",
      "integrity": "sha1-A7cThzsBZZ36LBxdBWBlsn3cLeY="
    },
    "yeast": {
      "version": "0.1.2",
      "resolved": "https://artifacthub-tip.oraclecorp.com/api/npm/npmjs-remote/yeast/-/yeast-0.1.2.tgz",
      "integrity": "sha1-AI4G2AlDIMNy28L47XagymyKxBk="
    }
  }
}
